# This file is automatically @generated by Poetry 2.2.1 and should not be changed by hand.

[[package]]
name = "gpcolor"
version = "1.0.1"
description = "A Python module to apply ANSI, RGB and HEX colors in terminal output."
optional = false
python-versions = ">=3.6"
groups = ["main"]
files = [
    {file = "gpColor-1.0.1-py3-none-any.whl", hash = "sha256:85335292393096a2408f126e0679c5a562cce5635958a50d3fbe96f3851af518"},
    {file = "gpcolor-1.0.1.tar.gz", hash = "sha256:40240b0c1cb9f2b7e05288abdd9c8f343b11ca5bc5b3ae02207aa66b128da087"},
]

[metadata]
lock-version = "2.1"
python-versions = ">=3.13"
content-hash = "d6528cb16adf262d6c2aee19a031d6628ee4566e5bf51a4e5d1ddafe72032dbf"
