# This file is automatically @generated by Poetry 2.2.1 and should not be changed by hand.

[[package]]
name = "termcolor"
version = "3.3.0"
description = "ANSI color formatting for output in terminal"
optional = false
python-versions = ">=3.10"
groups = ["main"]
files = [
    {file = "termcolor-3.3.0-py3-none-any.whl", hash = "sha256:cf642efadaf0a8ebbbf4bc7a31cec2f9b5f21a9f726f4ccbb08192c9c26f43a5"},
    {file = "termcolor-3.3.0.tar.gz", hash = "sha256:348871ca648ec6a9a983a13ab626c0acce02f515b9e1983332b17af7979521c5"},
]

[package.extras]
tests = ["pytest", "pytest-cov"]

[metadata]
lock-version = "2.1"
python-versions = ">=3.13"
content-hash = "ec82c00b80f63e31cdcd92b75feb262771c0d3da1631576abd73050577e832e5"
